// !$*UTF8*$!
{
	archiveVersion = 1;
	classes = {
	};
	objectVersion = 50;
	objects = {

/* Begin PBXBuildFile section */
		570AFB8A22891740005D2C40 /* ImageFormat.swift in Sources */ = {isa = PBXBuildFile; fileRef = 570AFB8922891740005D2C40 /* ImageFormat.swift */; };
		570AFB8C22893EE8005D2C40 /* WrappingSequences.swift in Sources */ = {isa = PBXBuildFile; fileRef = 570AFB8B22893EE8005D2C40 /* WrappingSequences.swift */; };
		57124A6422A11F5800D03A8F /* SomeAlgorithm.swift in Sources */ = {isa = PBXBuildFile; fileRef = 57124A6322A11F5800D03A8F /* SomeAlgorithm.swift */; };
		57152BDF22AF3B27000DD40D /* SQLQuery.swift in Sources */ = {isa = PBXBuildFile; fileRef = 57152BDE22AF3B27000DD40D /* SQLQuery.swift */; };
		57503FB022A4EC4D00855703 /* KeyChain.swift in Sources */ = {isa = PBXBuildFile; fileRef = 57503FAF22A4EC4D00855703 /* KeyChain.swift */; };
		578166FE22852012004CC469 /* TMString.swift in Sources */ = {isa = PBXBuildFile; fileRef = 578166FD22852012004CC469 /* TMString.swift */; };
		5781670022854EC6004CC469 /* Sweep.swift in Sources */ = {isa = PBXBuildFile; fileRef = 578166FF22854EC6004CC469 /* Sweep.swift */; };
		5781670222855CC8004CC469 /* TMNumber.swift in Sources */ = {isa = PBXBuildFile; fileRef = 5781670122855CC8004CC469 /* TMNumber.swift */; };
		578E9CAD22B0945B00E914D2 /* Metal.metal in Sources */ = {isa = PBXBuildFile; fileRef = 578E9CAC22B0945B00E914D2 /* Metal.metal */; };
		57AFF6E52283D9EB00C9A46F /* AppDelegate.swift in Sources */ = {isa = PBXBuildFile; fileRef = 57AFF6E42283D9EB00C9A46F /* AppDelegate.swift */; };
		57AFF6E72283D9EB00C9A46F /* ViewController.swift in Sources */ = {isa = PBXBuildFile; fileRef = 57AFF6E62283D9EB00C9A46F /* ViewController.swift */; };
		57AFF6EA2283D9EB00C9A46F /* Main.storyboard in Resources */ = {isa = PBXBuildFile; fileRef = 57AFF6E82283D9EB00C9A46F /* Main.storyboard */; };
		57AFF6EC2283D9EE00C9A46F /* Assets.xcassets in Resources */ = {isa = PBXBuildFile; fileRef = 57AFF6EB2283D9EE00C9A46F /* Assets.xcassets */; };
		57AFF6EF2283D9EE00C9A46F /* LaunchScreen.storyboard in Resources */ = {isa = PBXBuildFile; fileRef = 57AFF6ED2283D9EE00C9A46F /* LaunchScreen.storyboard */; };
		57AFF6F72283DA8100C9A46F /* TMColor.swift in Sources */ = {isa = PBXBuildFile; fileRef = 57AFF6F62283DA8100C9A46F /* TMColor.swift */; };
		57AFF6F92283DAC900C9A46F /* TMColor.podspec in Resources */ = {isa = PBXBuildFile; fileRef = 57AFF6F82283DAC800C9A46F /* TMColor.podspec */; };
		57AFF6FD2283DDDE00C9A46F /* LICENSE in Resources */ = {isa = PBXBuildFile; fileRef = 57AFF6FC2283DDDE00C9A46F /* LICENSE */; };
/* End PBXBuildFile section */

/* Begin PBXFileReference section */
		570AFB8922891740005D2C40 /* ImageFormat.swift */ = {isa = PBXFileReference; lastKnownFileType = sourcecode.swift; path = ImageFormat.swift; sourceTree = "<group>"; };
		570AFB8B22893EE8005D2C40 /* WrappingSequences.swift */ = {isa = PBXFileReference; lastKnownFileType = sourcecode.swift; path = WrappingSequences.swift; sourceTree = "<group>"; };
		57124A6322A11F5800D03A8F /* SomeAlgorithm.swift */ = {isa = PBXFileReference; lastKnownFileType = sourcecode.swift; path = SomeAlgorithm.swift; sourceTree = "<group>"; };
		57152BDE22AF3B27000DD40D /* SQLQuery.swift */ = {isa = PBXFileReference; lastKnownFileType = sourcecode.swift; path = SQLQuery.swift; sourceTree = "<group>"; };
		57503FAF22A4EC4D00855703 /* KeyChain.swift */ = {isa = PBXFileReference; lastKnownFileType = sourcecode.swift; path = KeyChain.swift; sourceTree = "<group>"; };
		578166FD22852012004CC469 /* TMString.swift */ = {isa = PBXFileReference; lastKnownFileType = sourcecode.swift; path = TMString.swift; sourceTree = "<group>"; };
		578166FF22854EC6004CC469 /* Sweep.swift */ = {isa = PBXFileReference; lastKnownFileType = sourcecode.swift; path = Sweep.swift; sourceTree = "<group>"; };
		5781670122855CC8004CC469 /* TMNumber.swift */ = {isa = PBXFileReference; lastKnownFileType = sourcecode.swift; path = TMNumber.swift; sourceTree = "<group>"; };
		578E9CAC22B0945B00E914D2 /* Metal.metal */ = {isa = PBXFileReference; lastKnownFileType = sourcecode.metal; path = Metal.metal; sourceTree = "<group>"; };
		57AFF6E12283D9EB00C9A46F /* TMColor.app */ = {isa = PBXFileReference; explicitFileType = wrapper.application; includeInIndex = 0; path = TMColor.app; sourceTree = BUILT_PRODUCTS_DIR; };
		57AFF6E42283D9EB00C9A46F /* AppDelegate.swift */ = {isa = PBXFileReference; lastKnownFileType = sourcecode.swift; path = AppDelegate.swift; sourceTree = "<group>"; };
		57AFF6E62283D9EB00C9A46F /* ViewController.swift */ = {isa = PBXFileReference; lastKnownFileType = sourcecode.swift; path = ViewController.swift; sourceTree = "<group>"; };
		57AFF6E92283D9EB00C9A46F /* Base */ = {isa = PBXFileReference; lastKnownFileType = file.storyboard; name = Base; path = Base.lproj/Main.storyboard; sourceTree = "<group>"; };
		57AFF6EB2283D9EE00C9A46F /* Assets.xcassets */ = {isa = PBXFileReference; lastKnownFileType = folder.assetcatalog; path = Assets.xcassets; sourceTree = "<group>"; };
		57AFF6EE2283D9EE00C9A46F /* Base */ = {isa = PBXFileReference; lastKnownFileType = file.storyboard; name = Base; path = Base.lproj/LaunchScreen.storyboard; sourceTree = "<group>"; };
		57AFF6F02283D9EE00C9A46F /* Info.plist */ = {isa = PBXFileReference; lastKnownFileType = text.plist.xml; path = Info.plist; sourceTree = "<group>"; };
		57AFF6F62283DA8100C9A46F /* TMColor.swift */ = {isa = PBXFileReference; fileEncoding = 4; lastKnownFileType = sourcecode.swift; path = TMColor.swift; sourceTree = "<group>"; };
		57AFF6F82283DAC800C9A46F /* TMColor.podspec */ = {isa = PBXFileReference; fileEncoding = 4; lastKnownFileType = text; path = TMColor.podspec; sourceTree = "<group>"; };
		57AFF6FC2283DDDE00C9A46F /* LICENSE */ = {isa = PBXFileReference; fileEncoding = 4; lastKnownFileType = text; path = LICENSE; sourceTree = "<group>"; };
/* End PBXFileReference section */

/* Begin PBXFrameworksBuildPhase section */
		57AFF6DE2283D9EB00C9A46F /* Frameworks */ = {
			isa = PBXFrameworksBuildPhase;
			buildActionMask = 2147483647;
			files = (
			);
			runOnlyForDeploymentPostprocessing = 0;
		};
/* End PBXFrameworksBuildPhase section */

/* Begin PBXGroup section */
		57152BDD22AF3AFA000DD40D /* SQL */ = {
			isa = PBXGroup;
			children = (
				57152BDE22AF3B27000DD40D /* SQLQuery.swift */,
			);
			path = SQL;
			sourceTree = "<group>";
		};
		57AFF6D82283D9EB00C9A46F = {
			isa = PBXGroup;
			children = (
				57AFF6FF2283DECB00C9A46F /* Deployment */,
				57AFF6E32283D9EB00C9A46F /* TMColor */,
				57AFF6E22283D9EB00C9A46F /* Products */,
			);
			sourceTree = "<group>";
		};
		57AFF6E22283D9EB00C9A46F /* Products */ = {
			isa = PBXGroup;
			children = (
				57AFF6E12283D9EB00C9A46F /* TMColor.app */,
			);
			name = Products;
			sourceTree = "<group>";
		};
		57AFF6E32283D9EB00C9A46F /* TMColor */ = {
			isa = PBXGroup;
			children = (
				57AFF6FA2283DD0400C9A46F /* Source */,
				57AFF6E42283D9EB00C9A46F /* AppDelegate.swift */,
				57AFF6E62283D9EB00C9A46F /* ViewController.swift */,
				57AFF6E82283D9EB00C9A46F /* Main.storyboard */,
				57AFF6EB2283D9EE00C9A46F /* Assets.xcassets */,
				57AFF6ED2283D9EE00C9A46F /* LaunchScreen.storyboard */,
				57AFF6F02283D9EE00C9A46F /* Info.plist */,
			);
			path = TMColor;
			sourceTree = "<group>";
		};
		57AFF6FA2283DD0400C9A46F /* Source */ = {
			isa = PBXGroup;
			children = (
				57152BDD22AF3AFA000DD40D /* SQL */,
				57AFF6F62283DA8100C9A46F /* TMColor.swift */,
				578166FD22852012004CC469 /* TMString.swift */,
				578166FF22854EC6004CC469 /* Sweep.swift */,
				5781670122855CC8004CC469 /* TMNumber.swift */,
				570AFB8922891740005D2C40 /* ImageFormat.swift */,
				570AFB8B22893EE8005D2C40 /* WrappingSequences.swift */,
				57124A6322A11F5800D03A8F /* SomeAlgorithm.swift */,
				57503FAF22A4EC4D00855703 /* KeyChain.swift */,
				578E9CAC22B0945B00E914D2 /* Metal.metal */,
			);
			path = Source;
			sourceTree = "<group>";
		};
		57AFF6FF2283DECB00C9A46F /* Deployment */ = {
			isa = PBXGroup;
			children = (
				57AFF6F82283DAC800C9A46F /* TMColor.podspec */,
				57AFF6FC2283DDDE00C9A46F /* LICENSE */,
			);
			name = Deployment;
			sourceTree = "<group>";
		};
/* End PBXGroup section */

/* Begin PBXNativeTarget section */
		57AFF6E02283D9EB00C9A46F /* TMColor */ = {
			isa = PBXNativeTarget;
			buildConfigurationList = 57AFF6F32283D9EE00C9A46F /* Build configuration list for PBXNativeTarget "TMColor" */;
			buildPhases = (
				57AFF6DD2283D9EB00C9A46F /* Sources */,
				57AFF6DE2283D9EB00C9A46F /* Frameworks */,
				57AFF6DF2283D9EB00C9A46F /* Resources */,
			);
			buildRules = (
			);
			dependencies = (
			);
			name = TMColor;
			productName = TMColor;
			productReference = 57AFF6E12283D9EB00C9A46F /* TMColor.app */;
			productType = "com.apple.product-type.application";
		};
/* End PBXNativeTarget section */

/* Begin PBXProject section */
		57AFF6D92283D9EB00C9A46F /* Project object */ = {
			isa = PBXProject;
			attributes = {
				LastSwiftUpdateCheck = 1020;
				LastUpgradeCheck = 1020;
				ORGANIZATIONNAME = "汤天明";
				TargetAttributes = {
					57AFF6E02283D9EB00C9A46F = {
						CreatedOnToolsVersion = 10.2.1;
					};
				};
			};
			buildConfigurationList = 57AFF6DC2283D9EB00C9A46F /* Build configuration list for PBXProject "TMColor" */;
			compatibilityVersion = "Xcode 9.3";
			developmentRegion = en;
			hasScannedForEncodings = 0;
			knownRegions = (
				en,
				Base,
			);
			mainGroup = 57AFF6D82283D9EB00C9A46F;
			productRefGroup = 57AFF6E22283D9EB00C9A46F /* Products */;
			projectDirPath = "";
			projectRoot = "";
			targets = (
				57AFF6E02283D9EB00C9A46F /* TMColor */,
			);
		};
/* End PBXProject section */

/* Begin PBXResourcesBuildPhase section */
		57AFF6DF2283D9EB00C9A46F /* Resources */ = {
			isa = PBXResourcesBuildPhase;
			buildActionMask = 2147483647;
			files = (
				57AFF6EF2283D9EE00C9A46F /* LaunchScreen.storyboard in Resources */,
				57AFF6EC2283D9EE00C9A46F /* Assets.xcassets in Resources */,
				57AFF6EA2283D9EB00C9A46F /* Main.storyboard in Resources */,
				57AFF6F92283DAC900C9A46F /* TMColor.podspec in Resources */,
				57AFF6FD2283DDDE00C9A46F /* LICENSE in Resources */,
			);
			runOnlyForDeploymentPostprocessing = 0;
		};
/* End PBXResourcesBuildPhase section */

/* Begin PBXSourcesBuildPhase section */
		57AFF6DD2283D9EB00C9A46F /* Sources */ = {
			isa = PBXSourcesBuildPhase;
			buildActionMask = 2147483647;
			files = (
				5781670022854EC6004CC469 /* Sweep.swift in Sources */,
				57AFF6F72283DA8100C9A46F /* TMColor.swift in Sources */,
				578166FE22852012004CC469 /* TMString.swift in Sources */,
				57AFF6E72283D9EB00C9A46F /* ViewController.swift in Sources */,
				57152BDF22AF3B27000DD40D /* SQLQuery.swift in Sources */,
				570AFB8A22891740005D2C40 /* ImageFormat.swift in Sources */,
				57AFF6E52283D9EB00C9A46F /* AppDelegate.swift in Sources */,
				578E9CAD22B0945B00E914D2 /* Metal.metal in Sources */,
				570AFB8C22893EE8005D2C40 /* WrappingSequences.swift in Sources */,
				57503FB022A4EC4D00855703 /* KeyChain.swift in Sources */,
				57124A6422A11F5800D03A8F /* SomeAlgorithm.swift in Sources */,
				5781670222855CC8004CC469 /* TMNumber.swift in Sources */,
			);
			runOnlyForDeploymentPostprocessing = 0;
		};
/* End PBXSourcesBuildPhase section */

/* Begin PBXVariantGroup section */
		57AFF6E82283D9EB00C9A46F /* Main.storyboard */ = {
			isa = PBXVariantGroup;
			children = (
				57AFF6E92283D9EB00C9A46F /* Base */,
			);
			name = Main.storyboard;
			sourceTree = "<group>";
		};
		57AFF6ED2283D9EE00C9A46F /* LaunchScreen.storyboard */ = {
			isa = PBXVariantGroup;
			children = (
				57AFF6EE2283D9EE00C9A46F /* Base */,
			);
			name = LaunchScreen.storyboard;
			sourceTree = "<group>";
		};
/* End PBXVariantGroup section */

/* Begin XCBuildConfiguration section */
		57AFF6F12283D9EE00C9A46F /* Debug */ = {
			isa = XCBuildConfiguration;
			buildSettings = {
				ALWAYS_SEARCH_USER_PATHS = NO;
				CLANG_ANALYZER_NONNULL = YES;
				CLANG_ANALYZER_NUMBER_OBJECT_CONVERSION = YES_AGGRESSIVE;
				CLANG_CXX_LANGUAGE_STANDARD = "gnu++14";
				CLANG_CXX_LIBRARY = "libc++";
				CLANG_ENABLE_MODULES = YES;
				CLANG_ENABLE_OBJC_ARC = YES;
				CLANG_ENABLE_OBJC_WEAK = YES;
				CLANG_WARN_BLOCK_CAPTURE_AUTORELEASING = YES;
				CLANG_WARN_BOOL_CONVERSION = YES;
				CLANG_WARN_COMMA = YES;
				CLANG_WARN_CONSTANT_CONVERSION = YES;
				CLANG_WARN_DEPRECATED_OBJC_IMPLEMENTATIONS = YES;
				CLANG_WARN_DIRECT_OBJC_ISA_USAGE = YES_ERROR;
				CLANG_WARN_DOCUMENTATION_COMMENTS = YES;
				CLANG_WARN_EMPTY_BODY = YES;
				CLANG_WARN_ENUM_CONVERSION = YES;
				CLANG_WARN_INFINITE_RECURSION = YES;
				CLANG_WARN_INT_CONVERSION = YES;
				CLANG_WARN_NON_LITERAL_NULL_CONVERSION = YES;
				CLANG_WARN_OBJC_IMPLICIT_RETAIN_SELF = YES;
				CLANG_WARN_OBJC_LITERAL_CONVERSION = YES;
				CLANG_WARN_OBJC_ROOT_CLASS = YES_ERROR;
				CLANG_WARN_RANGE_LOOP_ANALYSIS = YES;
				CLANG_WARN_STRICT_PROTOTYPES = YES;
				CLANG_WARN_SUSPICIOUS_MOVE = YES;
				CLANG_WARN_UNGUARDED_AVAILABILITY = YES_AGGRESSIVE;
				CLANG_WARN_UNREACHABLE_CODE = YES;
				CLANG_WARN__DUPLICATE_METHOD_MATCH = YES;
				CODE_SIGN_IDENTITY = "iPhone Developer";
				COPY_PHASE_STRIP = NO;
				DEBUG_INFORMATION_FORMAT = dwarf;
				ENABLE_STRICT_OBJC_MSGSEND = YES;
				ENABLE_TESTABILITY = YES;
				GCC_C_LANGUAGE_STANDARD = gnu11;
				GCC_DYNAMIC_NO_PIC = NO;
				GCC_NO_COMMON_BLOCKS = YES;
				GCC_OPTIMIZATION_LEVEL = 0;
				GCC_PREPROCESSOR_DEFINITIONS = (
					"DEBUG=1",
					"$(inherited)",
				);
				GCC_WARN_64_TO_32_BIT_CONVERSION = YES;
				GCC_WARN_ABOUT_RETURN_TYPE = YES_ERROR;
				GCC_WARN_UNDECLARED_SELECTOR = YES;
				GCC_WARN_UNINITIALIZED_AUTOS = YES_AGGRESSIVE;
				GCC_WARN_UNUSED_FUNCTION = YES;
				GCC_WARN_UNUSED_VARIABLE = YES;
				IPHONEOS_DEPLOYMENT_TARGET = 12.2;
				MTL_ENABLE_DEBUG_INFO = INCLUDE_SOURCE;
				MTL_FAST_MATH = YES;
				ONLY_ACTIVE_ARCH = YES;
				SDKROOT = iphoneos;
				SWIFT_ACTIVE_COMPILATION_CONDITIONS = DEBUG;
				SWIFT_OPTIMIZATION_LEVEL = "-Onone";
			};
			name = Debug;
		};
		57AFF6F22283D9EE00C9A46F /* Release */ = {
			isa = XCBuildConfiguration;
			buildSettings = {
				ALWAYS_SEARCH_USER_PATHS = NO;
				CLANG_ANALYZER_NONNULL = YES;
				CLANG_ANALYZER_NUMBER_OBJECT_CONVERSION = YES_AGGRESSIVE;
				CLANG_CXX_LANGUAGE_STANDARD = "gnu++14";
				CLANG_CXX_LIBRARY = "libc++";
				CLANG_ENABLE_MODULES = YES;
				CLANG_ENABLE_OBJC_ARC = YES;
				CLANG_ENABLE_OBJC_WEAK = YES;
				CLANG_WARN_BLOCK_CAPTURE_AUTORELEASING = YES;
				CLANG_WARN_BOOL_CONVERSION = YES;
				CLANG_WARN_COMMA = YES;
				CLANG_WARN_CONSTANT_CONVERSION = YES;
				CLANG_WARN_DEPRECATED_OBJC_IMPLEMENTATIONS = YES;
				CLANG_WARN_DIRECT_OBJC_ISA_USAGE = YES_ERROR;
				CLANG_WARN_DOCUMENTATION_COMMENTS = YES;
				CLANG_WARN_EMPTY_BODY = YES;
				CLANG_WARN_ENUM_CONVERSION = YES;
				CLANG_WARN_INFINITE_RECURSION = YES;
				CLANG_WARN_INT_CONVERSION = YES;
				CLANG_WARN_NON_LITERAL_NULL_CONVERSION = YES;
				CLANG_WARN_OBJC_IMPLICIT_RETAIN_SELF = YES;
				CLANG_WARN_OBJC_LITERAL_CONVERSION = YES;
				CLANG_WARN_OBJC_ROOT_CLASS = YES_ERROR;
				CLANG_WARN_RANGE_LOOP_ANALYSIS = YES;
				CLANG_WARN_STRICT_PROTOTYPES = YES;
				CLANG_WARN_SUSPICIOUS_MOVE = YES;
				CLANG_WARN_UNGUARDED_AVAILABILITY = YES_AGGRESSIVE;
				CLANG_WARN_UNREACHABLE_CODE = YES;
				CLANG_WARN__DUPLICATE_METHOD_MATCH = YES;
				CODE_SIGN_IDENTITY = "iPhone Developer";
				COPY_PHASE_STRIP = NO;
				DEBUG_INFORMATION_FORMAT = "dwarf-with-dsym";
				ENABLE_NS_ASSERTIONS = NO;
				ENABLE_STRICT_OBJC_MSGSEND = YES;
				GCC_C_LANGUAGE_STANDARD = gnu11;
				GCC_NO_COMMON_BLOCKS = YES;
				GCC_WARN_64_TO_32_BIT_CONVERSION = YES;
				GCC_WARN_ABOUT_RETURN_TYPE = YES_ERROR;
				GCC_WARN_UNDECLARED_SELECTOR = YES;
				GCC_WARN_UNINITIALIZED_AUTOS = YES_AGGRESSIVE;
				GCC_WARN_UNUSED_FUNCTION = YES;
				GCC_WARN_UNUSED_VARIABLE = YES;
				IPHONEOS_DEPLOYMENT_TARGET = 12.2;
				MTL_ENABLE_DEBUG_INFO = NO;
				MTL_FAST_MATH = YES;
				SDKROOT = iphoneos;
				SWIFT_COMPILATION_MODE = wholemodule;
				SWIFT_OPTIMIZATION_LEVEL = "-O";
				VALIDATE_PRODUCT = YES;
			};
			name = Release;
		};
		57AFF6F42283D9EE00C9A46F /* Debug */ = {
			isa = XCBuildConfiguration;
			buildSettings = {
				ASSETCATALOG_COMPILER_APPICON_NAME = AppIcon;
				CODE_SIGN_STYLE = Automatic;
				DEVELOPMENT_TEAM = R6MWDMC3N2;
				INFOPLIST_FILE = TMColor/Info.plist;
				LD_RUNPATH_SEARCH_PATHS = (
					"$(inherited)",
					"@executable_path/Frameworks",
				);
				PRODUCT_BUNDLE_IDENTIFIER = shensuanyun.TMColor;
				PRODUCT_NAME = "$(TARGET_NAME)";
				SWIFT_VERSION = 5.0;
				TARGETED_DEVICE_FAMILY = "1,2";
			};
			name = Debug;
		};
		57AFF6F52283D9EE00C9A46F /* Release */ = {
			isa = XCBuildConfiguration;
			buildSettings = {
				ASSETCATALOG_COMPILER_APPICON_NAME = AppIcon;
				CODE_SIGN_STYLE = Automatic;
				DEVELOPMENT_TEAM = R6MWDMC3N2;
				INFOPLIST_FILE = TMColor/Info.plist;
				LD_RUNPATH_SEARCH_PATHS = (
					"$(inherited)",
					"@executable_path/Frameworks",
				);
				PRODUCT_BUNDLE_IDENTIFIER = shensuanyun.TMColor;
				PRODUCT_NAME = "$(TARGET_NAME)";
				SWIFT_VERSION = 5.0;
				TARGETED_DEVICE_FAMILY = "1,2";
			};
			name = Release;
		};
/* End XCBuildConfiguration section */

/* Begin XCConfigurationList section */
		57AFF6DC2283D9EB00C9A46F /* Build configuration list for PBXProject "TMColor" */ = {
			isa = XCConfigurationList;
			buildConfigurations = (
				57AFF6F12283D9EE00C9A46F /* Debug */,
				57AFF6F22283D9EE00C9A46F /* Release */,
			);
			defaultConfigurationIsVisible = 0;
			defaultConfigurationName = Release;
		};
		57AFF6F32283D9EE00C9A46F /* Build configuration list for PBXNativeTarget "TMColor" */ = {
			isa = XCConfigurationList;
			buildConfigurations = (
				57AFF6F42283D9EE00C9A46F /* Debug */,
				57AFF6F52283D9EE00C9A46F /* Release */,
			);
			defaultConfigurationIsVisible = 0;
			defaultConfigurationName = Release;
		};
/* End XCConfigurationList section */
	};
	rootObject = 57AFF6D92283D9EB00C9A46F /* Project object */;
}
